
Microsoft Visual Studio Solution File, Format Version 12.00
# Visual Studio Version 16
VisualStudioVersion = 16.0.30204.135
MinimumVisualStudioVersion = 10.0.40219.1
Project("{FAE04EC0-301F-11D3-BF4B-00C04F79EFBC}") = "AotTechnogolies", "AotTechnogolies\AotTechnogolies.csproj", "{A700BC35-A914-42DF-BCA5-709560DDED9B}"
EndProject
Global
	GlobalSection(SolutionConfigurationPlatforms) = preSolution
		Debug|Any CPU = Debug|Any CPU
		Release|Any CPU = Release|Any CPU
	EndGlobalSection
	GlobalSection(ProjectConfigurationPlatforms) = postSolution
		{A700BC35-A914-42DF-BCA5-709560DDED9B}.Debug|Any CPU.ActiveCfg = Debug|Any CPU
		{A700BC35-A914-42DF-BCA5-709560DDED9B}.Debug|Any CPU.Build.0 = Debug|Any CPU
		{A700BC35-A914-42DF-BCA5-709560DDED9B}.Release|Any CPU.ActiveCfg = Release|Any CPU
		{A700BC35-A914-42DF-BCA5-709560DDED9B}.Release|Any CPU.Build.0 = Release|Any CPU
	EndGlobalSection
	GlobalSection(SolutionProperties) = preSolution
		HideSolutionNode = FALSE
	EndGlobalSection
	GlobalSection(ExtensibilityGlobals) = postSolution
		SolutionGuid = {A4AD2EC9-9092-4FBF-9004-D4E72FFBBD61}
	EndGlobalSection
EndGlobal
